
Microsoft Visual Studio Solution File, Format Version 12.00
# Visual Studio Version 17
VisualStudioVersion = 17.10.35013.160
MinimumVisualStudioVersion = 10.0.40219.1
Project("{9A19103F-16F7-4668-BE54-9A1E7A4F7556}") = "DevToys.XmlXsd", "DevToys.XmlXsd.csproj", "{F5EF7903-B25C-478C-A598-6B214D034507}"
EndProject
Project("{9A19103F-16F7-4668-BE54-9A1E7A4F7556}") = "_build", "..\build\_build.csproj", "{38815D25-14C5-444C-8305-B6CF3316A817}"
EndProject
Global
	GlobalSection(SolutionConfigurationPlatforms) = preSolution
		Debug|Any CPU = Debug|Any CPU
		Release|Any CPU = Release|Any CPU
	EndGlobalSection
	GlobalSection(ProjectConfigurationPlatforms) = postSolution
		{38815D25-14C5-444C-8305-B6CF3316A817}.Debug|Any CPU.ActiveCfg = Debug|Any CPU
		{38815D25-14C5-444C-8305-B6CF3316A817}.Release|Any CPU.ActiveCfg = Release|Any CPU
		{F5EF7903-B25C-478C-A598-6B214D034507}.Debug|Any CPU.ActiveCfg = Debug|Any CPU
		{F5EF7903-B25C-478C-A598-6B214D034507}.Debug|Any CPU.Build.0 = Debug|Any CPU
		{F5EF7903-B25C-478C-A598-6B214D034507}.Release|Any CPU.ActiveCfg = Release|Any CPU
		{F5EF7903-B25C-478C-A598-6B214D034507}.Release|Any CPU.Build.0 = Release|Any CPU
	EndGlobalSection
	GlobalSection(SolutionProperties) = preSolution
		HideSolutionNode = FALSE
	EndGlobalSection
	GlobalSection(ExtensibilityGlobals) = postSolution
		SolutionGuid = {A22F389D-6FC7-40A0-90A7-72536E46390D}
	EndGlobalSection
EndGlobal
